
Microsoft Visual Studio Solution File, Format Version 12.00
Project("{FAE04EC0-301F-11D3-BF4B-00C04F79EFBC}") = "DemoOrderContext.Order.Api", "DemoOrderContext.Order.Api\DemoOrderContext.Order.Api.csproj", "{FDF21F2A-FF0C-494E-AAFA-1663E2585610}"
EndProject
Project("{FAE04EC0-301F-11D3-BF4B-00C04F79EFBC}") = "DemoOrderContext.Order.Worker", "DemoOrderContext.Order.Worker\DemoOrderContext.Order.Worker.csproj", "{16F28190-93A7-4AA1-9D6E-A0C0387CC242}"
EndProject
Project("{FAE04EC0-301F-11D3-BF4B-00C04F79EFBC}") = "DemoOrderContext.Shared", "DemoOrderContext.Shared\DemoOrderContext.Shared.csproj", "{55DF1536-1DDB-4560-B171-4C64D1E701E6}"
EndProject
Project("{2150E333-8FDC-42A3-9474-1A3956D46DE8}") = "Solution Items", "Solution Items", "{0E6722C6-2B1A-4900-9223-CA518DF17FA5}"
	ProjectSection(SolutionItems) = preProject
		docker-compose.yml = docker-compose.yml
	EndProjectSection
EndProject
Global
	GlobalSection(SolutionConfigurationPlatforms) = preSolution
		Debug|Any CPU = Debug|Any CPU
		Release|Any CPU = Release|Any CPU
	EndGlobalSection
	GlobalSection(ProjectConfigurationPlatforms) = postSolution
		{FDF21F2A-FF0C-494E-AAFA-1663E2585610}.Debug|Any CPU.ActiveCfg = Debug|Any CPU
		{FDF21F2A-FF0C-494E-AAFA-1663E2585610}.Debug|Any CPU.Build.0 = Debug|Any CPU
		{FDF21F2A-FF0C-494E-AAFA-1663E2585610}.Release|Any CPU.ActiveCfg = Release|Any CPU
		{FDF21F2A-FF0C-494E-AAFA-1663E2585610}.Release|Any CPU.Build.0 = Release|Any CPU
		{16F28190-93A7-4AA1-9D6E-A0C0387CC242}.Debug|Any CPU.ActiveCfg = Debug|Any CPU
		{16F28190-93A7-4AA1-9D6E-A0C0387CC242}.Debug|Any CPU.Build.0 = Debug|Any CPU
		{16F28190-93A7-4AA1-9D6E-A0C0387CC242}.Release|Any CPU.ActiveCfg = Release|Any CPU
		{16F28190-93A7-4AA1-9D6E-A0C0387CC242}.Release|Any CPU.Build.0 = Release|Any CPU
		{55DF1536-1DDB-4560-B171-4C64D1E701E6}.Debug|Any CPU.ActiveCfg = Debug|Any CPU
		{55DF1536-1DDB-4560-B171-4C64D1E701E6}.Debug|Any CPU.Build.0 = Debug|Any CPU
		{55DF1536-1DDB-4560-B171-4C64D1E701E6}.Release|Any CPU.ActiveCfg = Release|Any CPU
		{55DF1536-1DDB-4560-B171-4C64D1E701E6}.Release|Any CPU.Build.0 = Release|Any CPU
	EndGlobalSection
EndGlobal
